#
# This file is autogenerated by pip-compile with Python 3.11
# by the following command:
#
#    pip-compile --no-index --output-file=requirements-dev.lock requirements-dev.in
#
build==1.6.1
    # via pip-tools
certifi==2026.7.22
    # via requests
charset-normalizer==3.5.1
    # via requests
click==8.5.0
    # via pip-tools
future==1.0.0
    # via pytumblr
idna==3.19
    # via requests
oauthlib==3.3.1
    # via requests-oauthlib
packaging==26.3
    # via
    #   build
    #   wheel
pillow==12.3.0
    # via -r requirements.in
pip-tools==7.6.1
    # via -r requirements-dev.in
pyproject-hooks==1.2.0
    # via
    #   build
    #   pip-tools
python-dotenv==1.2.3
    # via -r requirements.in
pytumblr==0.1.2
    # via -r requirements.in
requests==2.34.2
    # via
    #   -r requirements.in
    #   requests-oauthlib
requests-oauthlib==2.0.0
    # via pytumblr
ruff==0.14.14
    # via -r requirements-dev.in
urllib3==2.7.0
    # via requests
wheel==0.48.0
    # via pip-tools

# The following packages are considered to be unsafe in a requirements file:
# pip
# setuptools
